// !$*UTF8*$!
{
	archiveVersion = 1;
	classes = {
	};
	objectVersion = 51;
	objects = {

/* Begin PBXBuildFile section */
		4FD509EE6FB110FB73FA0A20 /* Pods_PhotoAlbumTests.framework in Frameworks */ = {isa = PBXBuildFile; fileRef = D6F072A72AC22021F2168860 /* Pods_PhotoAlbumTests.framework */; };
		841446F722B646F600F9EC71 /* PhotosViewerView.swift in Sources */ = {isa = PBXBuildFile; fileRef = 841446F622B646F600F9EC71 /* PhotosViewerView.swift */; };
		84481AF222B02EDA00523CC8 /* AlbumsRouter.swift in Sources */ = {isa = PBXBuildFile; fileRef = 84481AF122B02EDA00523CC8 /* AlbumsRouter.swift */; };
		84481AF422B034CC00523CC8 /* UIView+Extension.swift in Sources */ = {isa = PBXBuildFile; fileRef = 84481AF322B034CC00523CC8 /* UIView+Extension.swift */; };
		84481AF622B0381900523CC8 /* AuthProvider.swift in Sources */ = {isa = PBXBuildFile; fileRef = 84481AF522B0381900523CC8 /* AuthProvider.swift */; };
		84481AFD22B050DE00523CC8 /* PhotosViewController.swift in Sources */ = {isa = PBXBuildFile; fileRef = 84481AFC22B050DE00523CC8 /* PhotosViewController.swift */; };
		84481AFF22B0512500523CC8 /* PhotoTableViewCell.swift in Sources */ = {isa = PBXBuildFile; fileRef = 84481AFE22B0512500523CC8 /* PhotoTableViewCell.swift */; };
		84481B0122B0528A00523CC8 /* PhotosView.swift in Sources */ = {isa = PBXBuildFile; fileRef = 84481B0022B0528A00523CC8 /* PhotosView.swift */; };
		84481B0322B0545700523CC8 /* VKPhotosService.swift in Sources */ = {isa = PBXBuildFile; fileRef = 84481B0222B0545700523CC8 /* VKPhotosService.swift */; };
		84481B0522B0576000523CC8 /* PhotoModel.swift in Sources */ = {isa = PBXBuildFile; fileRef = 84481B0422B0576000523CC8 /* PhotoModel.swift */; };
		84481B0722B0584D00523CC8 /* PhotosService.swift in Sources */ = {isa = PBXBuildFile; fileRef = 84481B0622B0584D00523CC8 /* PhotosService.swift */; };
		84481B0922B05B3E00523CC8 /* PhotosDataFlow.swift in Sources */ = {isa = PBXBuildFile; fileRef = 84481B0822B05B3E00523CC8 /* PhotosDataFlow.swift */; };
		84481B0B22B05D1B00523CC8 /* PhotosProvider.swift in Sources */ = {isa = PBXBuildFile; fileRef = 84481B0A22B05D1B00523CC8 /* PhotosProvider.swift */; };
		845AB93C22AD4F9B004A165B /* AuthRouter.swift in Sources */ = {isa = PBXBuildFile; fileRef = 845AB93B22AD4F9B004A165B /* AuthRouter.swift */; };
		845AB94122AD587D004A165B /* AlbumTableViewCell.swift in Sources */ = {isa = PBXBuildFile; fileRef = 845AB94022AD587D004A165B /* AlbumTableViewCell.swift */; };
		845AB94322AD6D42004A165B /* AlbumViewModel.swift in Sources */ = {isa = PBXBuildFile; fileRef = 845AB94222AD6D42004A165B /* AlbumViewModel.swift */; };
		845AB94522AD6F77004A165B /* AlbumsView.swift in Sources */ = {isa = PBXBuildFile; fileRef = 845AB94422AD6F77004A165B /* AlbumsView.swift */; };
		845AB94722AD7343004A165B /* AlbumsPresenter.swift in Sources */ = {isa = PBXBuildFile; fileRef = 845AB94622AD7343004A165B /* AlbumsPresenter.swift */; };
		845AB94922AD7353004A165B /* AlbumsInteractor.swift in Sources */ = {isa = PBXBuildFile; fileRef = 845AB94822AD7353004A165B /* AlbumsInteractor.swift */; };
		845AB94B22AD7363004A165B /* AlbumsViewController.swift in Sources */ = {isa = PBXBuildFile; fileRef = 845AB94A22AD7363004A165B /* AlbumsViewController.swift */; };
		845AB94D22AD7371004A165B /* AlbumsDataFlow.swift in Sources */ = {isa = PBXBuildFile; fileRef = 845AB94C22AD7371004A165B /* AlbumsDataFlow.swift */; };
		845AB94F22AD76A3004A165B /* AlbumModel.swift in Sources */ = {isa = PBXBuildFile; fileRef = 845AB94E22AD76A3004A165B /* AlbumModel.swift */; };
		845AB95222AD8B84004A165B /* AlbumsService.swift in Sources */ = {isa = PBXBuildFile; fileRef = 845AB95122AD8B84004A165B /* AlbumsService.swift */; };
		845AB95422AD8CD8004A165B /* VKAlbumsService.swift in Sources */ = {isa = PBXBuildFile; fileRef = 845AB95322AD8CD8004A165B /* VKAlbumsService.swift */; };
		845AB95722AD8FB1004A165B /* APIClient.swift in Sources */ = {isa = PBXBuildFile; fileRef = 845AB95622AD8FB1004A165B /* APIClient.swift */; };
		845AB95922AD973F004A165B /* AlbumsProvider.swift in Sources */ = {isa = PBXBuildFile; fileRef = 845AB95822AD973F004A165B /* AlbumsProvider.swift */; };
		845AB95B22AD9964004A165B /* AlbumsBuilder.swift in Sources */ = {isa = PBXBuildFile; fileRef = 845AB95A22AD9964004A165B /* AlbumsBuilder.swift */; };
		845AB96122ADB451004A165B /* VKAlbumsResponseModel.swift in Sources */ = {isa = PBXBuildFile; fileRef = 845AB96022ADB451004A165B /* VKAlbumsResponseModel.swift */; };
		845AB96422ADBFCD004A165B /* AlbumsTableDataSource.swift in Sources */ = {isa = PBXBuildFile; fileRef = 845AB96322ADBFCD004A165B /* AlbumsTableDataSource.swift */; };
		845AB96722ADC1DF004A165B /* Array+Extension.swift in Sources */ = {isa = PBXBuildFile; fileRef = 845AB96622ADC1DF004A165B /* Array+Extension.swift */; };
		845AB96922ADC28F004A165B /* AlbumsTableDelegate.swift in Sources */ = {isa = PBXBuildFile; fileRef = 845AB96822ADC28F004A165B /* AlbumsTableDelegate.swift */; };
		845AB96B22ADC343004A165B /* ImageProvider.swift in Sources */ = {isa = PBXBuildFile; fileRef = 845AB96A22ADC343004A165B /* ImageProvider.swift */; };
		847E8FF322A9CEC400A8B35A /* AppDelegate.swift in Sources */ = {isa = PBXBuildFile; fileRef = 847E8FF222A9CEC400A8B35A /* AppDelegate.swift */; };
		847E8FFB22A9CEC400A8B35A /* PhotoAlbum.xcdatamodeld in Sources */ = {isa = PBXBuildFile; fileRef = 847E8FF922A9CEC400A8B35A /* PhotoAlbum.xcdatamodeld */; };
		847E8FFD22A9CEC600A8B35A /* Assets.xcassets in Resources */ = {isa = PBXBuildFile; fileRef = 847E8FFC22A9CEC600A8B35A /* Assets.xcassets */; };
		847E900022A9CEC700A8B35A /* LaunchScreen.storyboard in Resources */ = {isa = PBXBuildFile; fileRef = 847E8FFE22A9CEC700A8B35A /* LaunchScreen.storyboard */; };
		847E900B22A9CEC700A8B35A /* PhotoAlbumTests.swift in Sources */ = {isa = PBXBuildFile; fileRef = 847E900A22A9CEC700A8B35A /* PhotoAlbumTests.swift */; };
		848AC9A722B44661003FDD93 /* PhotosViewerPhotoView.swift in Sources */ = {isa = PBXBuildFile; fileRef = 848AC9A622B44661003FDD93 /* PhotosViewerPhotoView.swift */; };
		848AC9AA22B44EBF003FDD93 /* PhotosViewerProvider.swift in Sources */ = {isa = PBXBuildFile; fileRef = 848AC9A922B44EBF003FDD93 /* PhotosViewerProvider.swift */; };
		848AC9AC22B4558D003FDD93 /* PhotosRouter.swift in Sources */ = {isa = PBXBuildFile; fileRef = 848AC9AB22B4558D003FDD93 /* PhotosRouter.swift */; };
		84A18C7F22B0ED5C00D4E3DF /* PhotosPresenter.swift in Sources */ = {isa = PBXBuildFile; fileRef = 84A18C7E22B0ED5C00D4E3DF /* PhotosPresenter.swift */; };
		84A18C8122B0EDB600D4E3DF /* PhotosInteractor.swift in Sources */ = {isa = PBXBuildFile; fileRef = 84A18C8022B0EDB600D4E3DF /* PhotosInteractor.swift */; };
		84A18C8322B0EE5700D4E3DF /* PhotosBuilder.swift in Sources */ = {isa = PBXBuildFile; fileRef = 84A18C8222B0EE5700D4E3DF /* PhotosBuilder.swift */; };
		84A18C8522B0FEF700D4E3DF /* PhotoViewModel.swift in Sources */ = {isa = PBXBuildFile; fileRef = 84A18C8422B0FEF700D4E3DF /* PhotoViewModel.swift */; };
		84A18C8722B109F700D4E3DF /* PhotosTableDataSource.swift in Sources */ = {isa = PBXBuildFile; fileRef = 84A18C8622B109F700D4E3DF /* PhotosTableDataSource.swift */; };
		84A18C8922B1354400D4E3DF /* PhotosTableDelegate.swift in Sources */ = {isa = PBXBuildFile; fileRef = 84A18C8822B1354400D4E3DF /* PhotosTableDelegate.swift */; };
		84A18C8B22B151EB00D4E3DF /* AlbumsDataStore.swift in Sources */ = {isa = PBXBuildFile; fileRef = 84A18C8A22B151EB00D4E3DF /* AlbumsDataStore.swift */; };
		84A18C8D22B1545C00D4E3DF /* PhotosDataStore.swift in Sources */ = {isa = PBXBuildFile; fileRef = 84A18C8C22B1545C00D4E3DF /* PhotosDataStore.swift */; };
		84C05BB822ABE70800741D33 /* AuthViewController.swift in Sources */ = {isa = PBXBuildFile; fileRef = 84C05BB722ABE70800741D33 /* AuthViewController.swift */; };
		84E0A13D22AC0A8B00EF9541 /* AuthView.swift in Sources */ = {isa = PBXBuildFile; fileRef = 84E0A13C22AC0A8B00EF9541 /* AuthView.swift */; };
		84E0A14022AC111C00EF9541 /* AuthBuilder.swift in Sources */ = {isa = PBXBuildFile; fileRef = 84E0A13F22AC111C00EF9541 /* AuthBuilder.swift */; };
		84E0A14222AC113800EF9541 /* ModuleBuilder.swift in Sources */ = {isa = PBXBuildFile; fileRef = 84E0A14122AC113800EF9541 /* ModuleBuilder.swift */; };
		84E0A14422AC11BB00EF9541 /* UniqueIdentifiable.swift in Sources */ = {isa = PBXBuildFile; fileRef = 84E0A14322AC11BB00EF9541 /* UniqueIdentifiable.swift */; };
		84E0A14622AC122900EF9541 /* AuthPresenter.swift in Sources */ = {isa = PBXBuildFile; fileRef = 84E0A14522AC122900EF9541 /* AuthPresenter.swift */; };
		84E0A14822AC13B000EF9541 /* AuthInteractor.swift in Sources */ = {isa = PBXBuildFile; fileRef = 84E0A14722AC13B000EF9541 /* AuthInteractor.swift */; };
		84E0A14B22AC177F00EF9541 /* ReachibilityService.swift in Sources */ = {isa = PBXBuildFile; fileRef = 84E0A14A22AC177F00EF9541 /* ReachibilityService.swift */; };
		84E0A14D22AC1C2C00EF9541 /* AuthService.swift in Sources */ = {isa = PBXBuildFile; fileRef = 84E0A14C22AC1C2C00EF9541 /* AuthService.swift */; };
		84E0A14F22AC1DAC00EF9541 /* VKAuthService.swift in Sources */ = {isa = PBXBuildFile; fileRef = 84E0A14E22AC1DAC00EF9541 /* VKAuthService.swift */; };
		84E0A15122AC249400EF9541 /* TokenStorage.swift in Sources */ = {isa = PBXBuildFile; fileRef = 84E0A15022AC249400EF9541 /* TokenStorage.swift */; };
		84E0A15322AC281900EF9541 /* UIViewController+VKSdkUIDelegate.swift in Sources */ = {isa = PBXBuildFile; fileRef = 84E0A15222AC281900EF9541 /* UIViewController+VKSdkUIDelegate.swift */; };
		84E332D222B41CBA00012A45 /* PhotosViewerPhotosView.swift in Sources */ = {isa = PBXBuildFile; fileRef = 84E332D122B41CBA00012A45 /* PhotosViewerPhotosView.swift */; };
		84E332D422B41D8D00012A45 /* PhotosViewerViewController.swift in Sources */ = {isa = PBXBuildFile; fileRef = 84E332D322B41D8D00012A45 /* PhotosViewerViewController.swift */; };
		84E332D722B41E0E00012A45 /* PhotosViewerInteractor.swift in Sources */ = {isa = PBXBuildFile; fileRef = 84E332D622B41E0E00012A45 /* PhotosViewerInteractor.swift */; };
		84E332D922B41E4700012A45 /* PhotosViewerPresenter.swift in Sources */ = {isa = PBXBuildFile; fileRef = 84E332D822B41E4700012A45 /* PhotosViewerPresenter.swift */; };
		84E332DB22B41F0100012A45 /* PhotosViewerBuilder.swift in Sources */ = {isa = PBXBuildFile; fileRef = 84E332DA22B41F0100012A45 /* PhotosViewerBuilder.swift */; };
		84E332DD22B4211D00012A45 /* PhotosViewerDataFlow.swift in Sources */ = {isa = PBXBuildFile; fileRef = 84E332DC22B4211D00012A45 /* PhotosViewerDataFlow.swift */; };
		84E332DF22B4232300012A45 /* PhotosViewerPhotoViewModel.swift in Sources */ = {isa = PBXBuildFile; fileRef = 84E332DE22B4232300012A45 /* PhotosViewerPhotoViewModel.swift */; };
		DB65FA2FFA2D6436E6E8E3D0 /* Pods_PhotoAlbum.framework in Frameworks */ = {isa = PBXBuildFile; fileRef = 4F6E0A94D6CD524B7A391D39 /* Pods_PhotoAlbum.framework */; };
/* End PBXBuildFile section */

/* Begin PBXContainerItemProxy section */
		847E900722A9CEC700A8B35A /* PBXContainerItemProxy */ = {
			isa = PBXContainerItemProxy;
			containerPortal = 847E8FE722A9CEC400A8B35A /* Project object */;
			proxyType = 1;
			remoteGlobalIDString = 847E8FEE22A9CEC400A8B35A;
			remoteInfo = PhotoAlbum;
		};
/* End PBXContainerItemProxy section */

/* Begin PBXFileReference section */
		01BB080E883EBE2C9C52C319 /* Pods-PhotoAlbum.debug.xcconfig */ = {isa = PBXFileReference; includeInIndex = 1; lastKnownFileType = text.xcconfig; name = "Pods-PhotoAlbum.debug.xcconfig"; path = "Target Support Files/Pods-PhotoAlbum/Pods-PhotoAlbum.debug.xcconfig"; sourceTree = "<group>"; };
		4F6E0A94D6CD524B7A391D39 /* Pods_PhotoAlbum.framework */ = {isa = PBXFileReference; explicitFileType = wrapper.framework; includeInIndex = 0; path = Pods_PhotoAlbum.framework; sourceTree = BUILT_PRODUCTS_DIR; };
		841446F622B646F600F9EC71 /* PhotosViewerView.swift */ = {isa = PBXFileReference; lastKnownFileType = sourcecode.swift; path = PhotosViewerView.swift; sourceTree = "<group>"; };
		84481AF122B02EDA00523CC8 /* AlbumsRouter.swift */ = {isa = PBXFileReference; lastKnownFileType = sourcecode.swift; path = AlbumsRouter.swift; sourceTree = "<group>"; };
		84481AF322B034CC00523CC8 /* UIView+Extension.swift */ = {isa = PBXFileReference; lastKnownFileType = sourcecode.swift; path = "UIView+Extension.swift"; sourceTree = "<group>"; };
		84481AF522B0381900523CC8 /* AuthProvider.swift */ = {isa = PBXFileReference; lastKnownFileType = sourcecode.swift; path = AuthProvider.swift; sourceTree = "<group>"; };
		84481AFC22B050DE00523CC8 /* PhotosViewController.swift */ = {isa = PBXFileReference; lastKnownFileType = sourcecode.swift; path = PhotosViewController.swift; sourceTree = "<group>"; };
		84481AFE22B0512500523CC8 /* PhotoTableViewCell.swift */ = {isa = PBXFileReference; lastKnownFileType = sourcecode.swift; path = PhotoTableViewCell.swift; sourceTree = "<group>"; };
		84481B0022B0528A00523CC8 /* PhotosView.swift */ = {isa = PBXFileReference; lastKnownFileType = sourcecode.swift; path = PhotosView.swift; sourceTree = "<group>"; };
		84481B0222B0545700523CC8 /* VKPhotosService.swift */ = {isa = PBXFileReference; lastKnownFileType = sourcecode.swift; path = VKPhotosService.swift; sourceTree = "<group>"; };
		84481B0422B0576000523CC8 /* PhotoModel.swift */ = {isa = PBXFileReference; lastKnownFileType = sourcecode.swift; path = PhotoModel.swift; sourceTree = "<group>"; };
		84481B0622B0584D00523CC8 /* PhotosService.swift */ = {isa = PBXFileReference; lastKnownFileType = sourcecode.swift; path = PhotosService.swift; sourceTree = "<group>"; };
		84481B0822B05B3E00523CC8 /* PhotosDataFlow.swift */ = {isa = PBXFileReference; lastKnownFileType = sourcecode.swift; path = PhotosDataFlow.swift; sourceTree = "<group>"; };
		84481B0A22B05D1B00523CC8 /* PhotosProvider.swift */ = {isa = PBXFileReference; lastKnownFileType = sourcecode.swift; path = PhotosProvider.swift; sourceTree = "<group>"; };
		845AB93B22AD4F9B004A165B /* AuthRouter.swift */ = {isa = PBXFileReference; lastKnownFileType = sourcecode.swift; path = AuthRouter.swift; sourceTree = "<group>"; };
		845AB94022AD587D004A165B /* AlbumTableViewCell.swift */ = {isa = PBXFileReference; lastKnownFileType = sourcecode.swift; path = AlbumTableViewCell.swift; sourceTree = "<group>"; };
		845AB94222AD6D42004A165B /* AlbumViewModel.swift */ = {isa = PBXFileReference; lastKnownFileType = sourcecode.swift; path = AlbumViewModel.swift; sourceTree = "<group>"; };
		845AB94422AD6F77004A165B /* AlbumsView.swift */ = {isa = PBXFileReference; lastKnownFileType = sourcecode.swift; path = AlbumsView.swift; sourceTree = "<group>"; };
		845AB94622AD7343004A165B /* AlbumsPresenter.swift */ = {isa = PBXFileReference; lastKnownFileType = sourcecode.swift; path = AlbumsPresenter.swift; sourceTree = "<group>"; };
		845AB94822AD7353004A165B /* AlbumsInteractor.swift */ = {isa = PBXFileReference; lastKnownFileType = sourcecode.swift; path = AlbumsInteractor.swift; sourceTree = "<group>"; };
		845AB94A22AD7363004A165B /* AlbumsViewController.swift */ = {isa = PBXFileReference; lastKnownFileType = sourcecode.swift; path = AlbumsViewController.swift; sourceTree = "<group>"; };
		845AB94C22AD7371004A165B /* AlbumsDataFlow.swift */ = {isa = PBXFileReference; lastKnownFileType = sourcecode.swift; path = AlbumsDataFlow.swift; sourceTree = "<group>"; };
		845AB94E22AD76A3004A165B /* AlbumModel.swift */ = {isa = PBXFileReference; lastKnownFileType = sourcecode.swift; path = AlbumModel.swift; sourceTree = "<group>"; };
		845AB95122AD8B84004A165B /* AlbumsService.swift */ = {isa = PBXFileReference; lastKnownFileType = sourcecode.swift; path = AlbumsService.swift; sourceTree = "<group>"; };
		845AB95322AD8CD8004A165B /* VKAlbumsService.swift */ = {isa = PBXFileReference; lastKnownFileType = sourcecode.swift; path = VKAlbumsService.swift; sourceTree = "<group>"; };
		845AB95622AD8FB1004A165B /* APIClient.swift */ = {isa = PBXFileReference; lastKnownFileType = sourcecode.swift; path = APIClient.swift; sourceTree = "<group>"; };
		845AB95822AD973F004A165B /* AlbumsProvider.swift */ = {isa = PBXFileReference; lastKnownFileType = sourcecode.swift; path = AlbumsProvider.swift; sourceTree = "<group>"; };
		845AB95A22AD9964004A165B /* AlbumsBuilder.swift */ = {isa = PBXFileReference; lastKnownFileType = sourcecode.swift; path = AlbumsBuilder.swift; sourceTree = "<group>"; };
		845AB96022ADB451004A165B /* VKAlbumsResponseModel.swift */ = {isa = PBXFileReference; lastKnownFileType = sourcecode.swift; path = VKAlbumsResponseModel.swift; sourceTree = "<group>"; };
		845AB96322ADBFCD004A165B /* AlbumsTableDataSource.swift */ = {isa = PBXFileReference; lastKnownFileType = sourcecode.swift; path = AlbumsTableDataSource.swift; sourceTree = "<group>"; };
		845AB96622ADC1DF004A165B /* Array+Extension.swift */ = {isa = PBXFileReference; lastKnownFileType = sourcecode.swift; path = "Array+Extension.swift"; sourceTree = "<group>"; };
		845AB96822ADC28F004A165B /* AlbumsTableDelegate.swift */ = {isa = PBXFileReference; lastKnownFileType = sourcecode.swift; path = AlbumsTableDelegate.swift; sourceTree = "<group>"; };
		845AB96A22ADC343004A165B /* ImageProvider.swift */ = {isa = PBXFileReference; lastKnownFileType = sourcecode.swift; path = ImageProvider.swift; sourceTree = "<group>"; };
		847E8FEF22A9CEC400A8B35A /* PhotoAlbum.app */ = {isa = PBXFileReference; explicitFileType = wrapper.application; includeInIndex = 0; path = PhotoAlbum.app; sourceTree = BUILT_PRODUCTS_DIR; };
		847E8FF222A9CEC400A8B35A /* AppDelegate.swift */ = {isa = PBXFileReference; lastKnownFileType = sourcecode.swift; path = AppDelegate.swift; sourceTree = "<group>"; };
		847E8FFA22A9CEC400A8B35A /* PhotoAlbum.xcdatamodel */ = {isa = PBXFileReference; lastKnownFileType = wrapper.xcdatamodel; path = PhotoAlbum.xcdatamodel; sourceTree = "<group>"; };
		847E8FFC22A9CEC600A8B35A /* Assets.xcassets */ = {isa = PBXFileReference; lastKnownFileType = folder.assetcatalog; path = Assets.xcassets; sourceTree = "<group>"; };
		847E8FFF22A9CEC700A8B35A /* Base */ = {isa = PBXFileReference; lastKnownFileType = file.storyboard; name = Base; path = Base.lproj/LaunchScreen.storyboard; sourceTree = "<group>"; };
		847E900122A9CEC700A8B35A /* Info.plist */ = {isa = PBXFileReference; lastKnownFileType = text.plist.xml; path = Info.plist; sourceTree = "<group>"; };
		847E900622A9CEC700A8B35A /* PhotoAlbumTests.xctest */ = {isa = PBXFileReference; explicitFileType = wrapper.cfbundle; includeInIndex = 0; path = PhotoAlbumTests.xctest; sourceTree = BUILT_PRODUCTS_DIR; };
		847E900A22A9CEC700A8B35A /* PhotoAlbumTests.swift */ = {isa = PBXFileReference; lastKnownFileType = sourcecode.swift; path = PhotoAlbumTests.swift; sourceTree = "<group>"; };
		847E900C22A9CEC700A8B35A /* Info.plist */ = {isa = PBXFileReference; lastKnownFileType = text.plist.xml; path = Info.plist; sourceTree = "<group>"; };
		848AC9A622B44661003FDD93 /* PhotosViewerPhotoView.swift */ = {isa = PBXFileReference; lastKnownFileType = sourcecode.swift; path = PhotosViewerPhotoView.swift; sourceTree = "<group>"; };
		848AC9A922B44EBF003FDD93 /* PhotosViewerProvider.swift */ = {isa = PBXFileReference; lastKnownFileType = sourcecode.swift; path = PhotosViewerProvider.swift; sourceTree = "<group>"; };
		848AC9AB22B4558D003FDD93 /* PhotosRouter.swift */ = {isa = PBXFileReference; lastKnownFileType = sourcecode.swift; path = PhotosRouter.swift; sourceTree = "<group>"; };
		84A18C7E22B0ED5C00D4E3DF /* PhotosPresenter.swift */ = {isa = PBXFileReference; lastKnownFileType = sourcecode.swift; path = PhotosPresenter.swift; sourceTree = "<group>"; };
		84A18C8022B0EDB600D4E3DF /* PhotosInteractor.swift */ = {isa = PBXFileReference; lastKnownFileType = sourcecode.swift; path = PhotosInteractor.swift; sourceTree = "<group>"; };
		84A18C8222B0EE5700D4E3DF /* PhotosBuilder.swift */ = {isa = PBXFileReference; lastKnownFileType = sourcecode.swift; path = PhotosBuilder.swift; sourceTree = "<group>"; };
		84A18C8422B0FEF700D4E3DF /* PhotoViewModel.swift */ = {isa = PBXFileReference; lastKnownFileType = sourcecode.swift; path = PhotoViewModel.swift; sourceTree = "<group>"; };
		84A18C8622B109F700D4E3DF /* PhotosTableDataSource.swift */ = {isa = PBXFileReference; lastKnownFileType = sourcecode.swift; path = PhotosTableDataSource.swift; sourceTree = "<group>"; };
		84A18C8822B1354400D4E3DF /* PhotosTableDelegate.swift */ = {isa = PBXFileReference; lastKnownFileType = sourcecode.swift; path = PhotosTableDelegate.swift; sourceTree = "<group>"; };
		84A18C8A22B151EB00D4E3DF /* AlbumsDataStore.swift */ = {isa = PBXFileReference; lastKnownFileType = sourcecode.swift; path = AlbumsDataStore.swift; sourceTree = "<group>"; };
		84A18C8C22B1545C00D4E3DF /* PhotosDataStore.swift */ = {isa = PBXFileReference; lastKnownFileType = sourcecode.swift; path = PhotosDataStore.swift; sourceTree = "<group>"; };
		84C05BB722ABE70800741D33 /* AuthViewController.swift */ = {isa = PBXFileReference; lastKnownFileType = sourcecode.swift; path = AuthViewController.swift; sourceTree = "<group>"; };
		84E0A13C22AC0A8B00EF9541 /* AuthView.swift */ = {isa = PBXFileReference; lastKnownFileType = sourcecode.swift; path = AuthView.swift; sourceTree = "<group>"; };
		84E0A13F22AC111C00EF9541 /* AuthBuilder.swift */ = {isa = PBXFileReference; lastKnownFileType = sourcecode.swift; path = AuthBuilder.swift; sourceTree = "<group>"; };
		84E0A14122AC113800EF9541 /* ModuleBuilder.swift */ = {isa = PBXFileReference; lastKnownFileType = sourcecode.swift; path = ModuleBuilder.swift; sourceTree = "<group>"; };
		84E0A14322AC11BB00EF9541 /* UniqueIdentifiable.swift */ = {isa = PBXFileReference; lastKnownFileType = sourcecode.swift; path = UniqueIdentifiable.swift; sourceTree = "<group>"; };
		84E0A14522AC122900EF9541 /* AuthPresenter.swift */ = {isa = PBXFileReference; lastKnownFileType = sourcecode.swift; path = AuthPresenter.swift; sourceTree = "<group>"; };
		84E0A14722AC13B000EF9541 /* AuthInteractor.swift */ = {isa = PBXFileReference; lastKnownFileType = sourcecode.swift; path = AuthInteractor.swift; sourceTree = "<group>"; };
		84E0A14A22AC177F00EF9541 /* ReachibilityService.swift */ = {isa = PBXFileReference; lastKnownFileType = sourcecode.swift; path = ReachibilityService.swift; sourceTree = "<group>"; };
		84E0A14C22AC1C2C00EF9541 /* AuthService.swift */ = {isa = PBXFileReference; lastKnownFileType = sourcecode.swift; path = AuthService.swift; sourceTree = "<group>"; };
		84E0A14E22AC1DAC00EF9541 /* VKAuthService.swift */ = {isa = PBXFileReference; lastKnownFileType = sourcecode.swift; path = VKAuthService.swift; sourceTree = "<group>"; };
		84E0A15022AC249400EF9541 /* TokenStorage.swift */ = {isa = PBXFileReference; lastKnownFileType = sourcecode.swift; path = TokenStorage.swift; sourceTree = "<group>"; };
		84E0A15222AC281900EF9541 /* UIViewController+VKSdkUIDelegate.swift */ = {isa = PBXFileReference; lastKnownFileType = sourcecode.swift; path = "UIViewController+VKSdkUIDelegate.swift"; sourceTree = "<group>"; };
		84E332D122B41CBA00012A45 /* PhotosViewerPhotosView.swift */ = {isa = PBXFileReference; lastKnownFileType = sourcecode.swift; path = PhotosViewerPhotosView.swift; sourceTree = "<group>"; };
		84E332D322B41D8D00012A45 /* PhotosViewerViewController.swift */ = {isa = PBXFileReference; lastKnownFileType = sourcecode.swift; path = PhotosViewerViewController.swift; sourceTree = "<group>"; };
		84E332D622B41E0E00012A45 /* PhotosViewerInteractor.swift */ = {isa = PBXFileReference; lastKnownFileType = sourcecode.swift; path = PhotosViewerInteractor.swift; sourceTree = "<group>"; };
		84E332D822B41E4700012A45 /* PhotosViewerPresenter.swift */ = {isa = PBXFileReference; lastKnownFileType = sourcecode.swift; path = PhotosViewerPresenter.swift; sourceTree = "<group>"; };
		84E332DA22B41F0100012A45 /* PhotosViewerBuilder.swift */ = {isa = PBXFileReference; lastKnownFileType = sourcecode.swift; path = PhotosViewerBuilder.swift; sourceTree = "<group>"; };
		84E332DC22B4211D00012A45 /* PhotosViewerDataFlow.swift */ = {isa = PBXFileReference; lastKnownFileType = sourcecode.swift; path = PhotosViewerDataFlow.swift; sourceTree = "<group>"; };
		84E332DE22B4232300012A45 /* PhotosViewerPhotoViewModel.swift */ = {isa = PBXFileReference; lastKnownFileType = sourcecode.swift; path = PhotosViewerPhotoViewModel.swift; sourceTree = "<group>"; };
		B36666DED3CE169BAAC5C3BE /* Pods-PhotoAlbum.release.xcconfig */ = {isa = PBXFileReference; includeInIndex = 1; lastKnownFileType = text.xcconfig; name = "Pods-PhotoAlbum.release.xcconfig"; path = "Target Support Files/Pods-PhotoAlbum/Pods-PhotoAlbum.release.xcconfig"; sourceTree = "<group>"; };
		C2A0DC1159C7D33D2599FDFE /* Pods-PhotoAlbumTests.debug.xcconfig */ = {isa = PBXFileReference; includeInIndex = 1; lastKnownFileType = text.xcconfig; name = "Pods-PhotoAlbumTests.debug.xcconfig"; path = "Target Support Files/Pods-PhotoAlbumTests/Pods-PhotoAlbumTests.debug.xcconfig"; sourceTree = "<group>"; };
		D6F072A72AC22021F2168860 /* Pods_PhotoAlbumTests.framework */ = {isa = PBXFileReference; explicitFileType = wrapper.framework; includeInIndex = 0; path = Pods_PhotoAlbumTests.framework; sourceTree = BUILT_PRODUCTS_DIR; };
		DF2D3BC11A9D3723DAF070E4 /* Pods-PhotoAlbumTests.release.xcconfig */ = {isa = PBXFileReference; includeInIndex = 1; lastKnownFileType = text.xcconfig; name = "Pods-PhotoAlbumTests.release.xcconfig"; path = "Target Support Files/Pods-PhotoAlbumTests/Pods-PhotoAlbumTests.release.xcconfig"; sourceTree = "<group>"; };
/* End PBXFileReference section */

/* Begin PBXFrameworksBuildPhase section */
		847E8FEC22A9CEC400A8B35A /* Frameworks */ = {
			isa = PBXFrameworksBuildPhase;
			buildActionMask = 2147483647;
			files = (
				DB65FA2FFA2D6436E6E8E3D0 /* Pods_PhotoAlbum.framework in Frameworks */,
			);
			runOnlyForDeploymentPostprocessing = 0;
		};
		847E900322A9CEC700A8B35A /* Frameworks */ = {
			isa = PBXFrameworksBuildPhase;
			buildActionMask = 2147483647;
			files = (
				4FD509EE6FB110FB73FA0A20 /* Pods_PhotoAlbumTests.framework in Frameworks */,
			);
			runOnlyForDeploymentPostprocessing = 0;
		};
/* End PBXFrameworksBuildPhase section */

/* Begin PBXGroup section */
		1AEC7E72D924C56243626137 /* Frameworks */ = {
			isa = PBXGroup;
			children = (
				4F6E0A94D6CD524B7A391D39 /* Pods_PhotoAlbum.framework */,
				D6F072A72AC22021F2168860 /* Pods_PhotoAlbumTests.framework */,
			);
			name = Frameworks;
			sourceTree = "<group>";
		};
		363F70051B489C4FE1D27FD7 /* Pods */ = {
			isa = PBXGroup;
			children = (
				01BB080E883EBE2C9C52C319 /* Pods-PhotoAlbum.debug.xcconfig */,
				B36666DED3CE169BAAC5C3BE /* Pods-PhotoAlbum.release.xcconfig */,
				C2A0DC1159C7D33D2599FDFE /* Pods-PhotoAlbumTests.debug.xcconfig */,
				DF2D3BC11A9D3723DAF070E4 /* Pods-PhotoAlbumTests.release.xcconfig */,
			);
			path = Pods;
			sourceTree = "<group>";
		};
		84481AF722B0500600523CC8 /* Photos */ = {
			isa = PBXGroup;
			children = (
				84481AF822B0502900523CC8 /* Provider */,
				84481AFB22B0503B00523CC8 /* Model */,
				84481AFA22B0503500523CC8 /* View */,
				84A18C8222B0EE5700D4E3DF /* PhotosBuilder.swift */,
				848AC9AB22B4558D003FDD93 /* PhotosRouter.swift */,
				84481AFC22B050DE00523CC8 /* PhotosViewController.swift */,
				84A18C7E22B0ED5C00D4E3DF /* PhotosPresenter.swift */,
				84A18C8022B0EDB600D4E3DF /* PhotosInteractor.swift */,
				84481B0822B05B3E00523CC8 /* PhotosDataFlow.swift */,
				84A18C8622B109F700D4E3DF /* PhotosTableDataSource.swift */,
				84A18C8822B1354400D4E3DF /* PhotosTableDelegate.swift */,
			);
			path = Photos;
			sourceTree = "<group>";
		};
		84481AF822B0502900523CC8 /* Provider */ = {
			isa = PBXGroup;
			children = (
				84481B0622B0584D00523CC8 /* PhotosService.swift */,
				84A18C8C22B1545C00D4E3DF /* PhotosDataStore.swift */,
				84481B0A22B05D1B00523CC8 /* PhotosProvider.swift */,
			);
			path = Provider;
			sourceTree = "<group>";
		};
		84481AFA22B0503500523CC8 /* View */ = {
			isa = PBXGroup;
			children = (
				84481AFE22B0512500523CC8 /* PhotoTableViewCell.swift */,
				84481B0022B0528A00523CC8 /* PhotosView.swift */,
			);
			path = View;
			sourceTree = "<group>";
		};
		84481AFB22B0503B00523CC8 /* Model */ = {
			isa = PBXGroup;
			children = (
				84A18C8422B0FEF700D4E3DF /* PhotoViewModel.swift */,
				84481B0422B0576000523CC8 /* PhotoModel.swift */,
			);
			path = Model;
			sourceTree = "<group>";
		};
		845AB93D22AD5820004A165B /* Albums */ = {
			isa = PBXGroup;
			children = (
				845AB95022AD8B74004A165B /* Provider */,
				845AB93F22AD5832004A165B /* Model */,
				845AB93E22AD582A004A165B /* View */,
				845AB95A22AD9964004A165B /* AlbumsBuilder.swift */,
				84481AF122B02EDA00523CC8 /* AlbumsRouter.swift */,
				845AB94A22AD7363004A165B /* AlbumsViewController.swift */,
				845AB94622AD7343004A165B /* AlbumsPresenter.swift */,
				845AB94822AD7353004A165B /* AlbumsInteractor.swift */,
				845AB94C22AD7371004A165B /* AlbumsDataFlow.swift */,
				845AB96322ADBFCD004A165B /* AlbumsTableDataSource.swift */,
				845AB96822ADC28F004A165B /* AlbumsTableDelegate.swift */,
			);
			path = Albums;
			sourceTree = "<group>";
		};
		845AB93E22AD582A004A165B /* View */ = {
			isa = PBXGroup;
			children = (
				845AB94022AD587D004A165B /* AlbumTableViewCell.swift */,
				845AB94422AD6F77004A165B /* AlbumsView.swift */,
			);
			path = View;
			sourceTree = "<group>";
		};
		845AB93F22AD5832004A165B /* Model */ = {
			isa = PBXGroup;
			children = (
				845AB94222AD6D42004A165B /* AlbumViewModel.swift */,
				845AB94E22AD76A3004A165B /* AlbumModel.swift */,
			);
			path = Model;
			sourceTree = "<group>";
		};
		845AB95022AD8B74004A165B /* Provider */ = {
			isa = PBXGroup;
			children = (
				845AB95122AD8B84004A165B /* AlbumsService.swift */,
				84A18C8A22B151EB00D4E3DF /* AlbumsDataStore.swift */,
				845AB95822AD973F004A165B /* AlbumsProvider.swift */,
			);
			path = Provider;
			sourceTree = "<group>";
		};
		845AB95522AD8FA0004A165B /* Networking */ = {
			isa = PBXGroup;
			children = (
				845AB95622AD8FB1004A165B /* APIClient.swift */,
				845AB96A22ADC343004A165B /* ImageProvider.swift */,
			);
			path = Networking;
			sourceTree = "<group>";
		};
		845AB96222ADB4F6004A165B /* Model */ = {
			isa = PBXGroup;
			children = (
				845AB96022ADB451004A165B /* VKAlbumsResponseModel.swift */,
			);
			path = Model;
			sourceTree = "<group>";
		};
		845AB96522ADC1C5004A165B /* Extensions */ = {
			isa = PBXGroup;
			children = (
				845AB96622ADC1DF004A165B /* Array+Extension.swift */,
				84481AF322B034CC00523CC8 /* UIView+Extension.swift */,
			);
			path = Extensions;
			sourceTree = "<group>";
		};
		847E8FE622A9CEC400A8B35A = {
			isa = PBXGroup;
			children = (
				847E8FF122A9CEC400A8B35A /* PhotoAlbum */,
				847E900922A9CEC700A8B35A /* PhotoAlbumTests */,
				847E8FF022A9CEC400A8B35A /* Products */,
				363F70051B489C4FE1D27FD7 /* Pods */,
				1AEC7E72D924C56243626137 /* Frameworks */,
			);
			sourceTree = "<group>";
		};
		847E8FF022A9CEC400A8B35A /* Products */ = {
			isa = PBXGroup;
			children = (
				847E8FEF22A9CEC400A8B35A /* PhotoAlbum.app */,
				847E900622A9CEC700A8B35A /* PhotoAlbumTests.xctest */,
			);
			name = Products;
			sourceTree = "<group>";
		};
		847E8FF122A9CEC400A8B35A /* PhotoAlbum */ = {
			isa = PBXGroup;
			children = (
				845AB96522ADC1C5004A165B /* Extensions */,
				845AB95522AD8FA0004A165B /* Networking */,
				84C05BB522ABE6E200741D33 /* Modules */,
				84C05BB222ABE69200741D33 /* Social */,
				84E0A13E22AC0FA600EF9541 /* Resources */,
				847E8FF222A9CEC400A8B35A /* AppDelegate.swift */,
			);
			path = PhotoAlbum;
			sourceTree = "<group>";
		};
		847E900922A9CEC700A8B35A /* PhotoAlbumTests */ = {
			isa = PBXGroup;
			children = (
				847E900A22A9CEC700A8B35A /* PhotoAlbumTests.swift */,
				847E900C22A9CEC700A8B35A /* Info.plist */,
			);
			path = PhotoAlbumTests;
			sourceTree = "<group>";
		};
		848AC9A822B44EB2003FDD93 /* Provider */ = {
			isa = PBXGroup;
			children = (
				848AC9A922B44EBF003FDD93 /* PhotosViewerProvider.swift */,
			);
			path = Provider;
			sourceTree = "<group>";
		};
		84C05BB222ABE69200741D33 /* Social */ = {
			isa = PBXGroup;
			children = (
				84C05BB322ABE69B00741D33 /* VK */,
			);
			path = Social;
			sourceTree = "<group>";
		};
		84C05BB322ABE69B00741D33 /* VK */ = {
			isa = PBXGroup;
			children = (
				845AB96222ADB4F6004A165B /* Model */,
				84E0A14E22AC1DAC00EF9541 /* VKAuthService.swift */,
				845AB95322AD8CD8004A165B /* VKAlbumsService.swift */,
				84481B0222B0545700523CC8 /* VKPhotosService.swift */,
				84E0A15222AC281900EF9541 /* UIViewController+VKSdkUIDelegate.swift */,
			);
			path = VK;
			sourceTree = "<group>";
		};
		84C05BB522ABE6E200741D33 /* Modules */ = {
			isa = PBXGroup;
			children = (
				84E0A14322AC11BB00EF9541 /* UniqueIdentifiable.swift */,
				84E0A14122AC113800EF9541 /* ModuleBuilder.swift */,
				84C05BB622ABE6E800741D33 /* Auth */,
				845AB93D22AD5820004A165B /* Albums */,
				84481AF722B0500600523CC8 /* Photos */,
				84E332CF22B41B2300012A45 /* PhotosViewer */,
			);
			path = Modules;
			sourceTree = "<group>";
		};
		84C05BB622ABE6E800741D33 /* Auth */ = {
			isa = PBXGroup;
			children = (
				84E0A14922AC176C00EF9541 /* Provider */,
				84E0A13B22AC0A7E00EF9541 /* View */,
				84E0A13F22AC111C00EF9541 /* AuthBuilder.swift */,
				845AB93B22AD4F9B004A165B /* AuthRouter.swift */,
				84C05BB722ABE70800741D33 /* AuthViewController.swift */,
				84E0A14522AC122900EF9541 /* AuthPresenter.swift */,
				84E0A14722AC13B000EF9541 /* AuthInteractor.swift */,
			);
			path = Auth;
			sourceTree = "<group>";
		};
		84E0A13B22AC0A7E00EF9541 /* View */ = {
			isa = PBXGroup;
			children = (
				84E0A13C22AC0A8B00EF9541 /* AuthView.swift */,
			);
			path = View;
			sourceTree = "<group>";
		};
		84E0A13E22AC0FA600EF9541 /* Resources */ = {
			isa = PBXGroup;
			children = (
				847E8FFC22A9CEC600A8B35A /* Assets.xcassets */,
				847E8FFE22A9CEC700A8B35A /* LaunchScreen.storyboard */,
				847E900122A9CEC700A8B35A /* Info.plist */,
				847E8FF922A9CEC400A8B35A /* PhotoAlbum.xcdatamodeld */,
			);
			path = Resources;
			sourceTree = "<group>";
		};
		84E0A14922AC176C00EF9541 /* Provider */ = {
			isa = PBXGroup;
			children = (
				84E0A14A22AC177F00EF9541 /* ReachibilityService.swift */,
				84E0A14C22AC1C2C00EF9541 /* AuthService.swift */,
				84481AF522B0381900523CC8 /* AuthProvider.swift */,
				84E0A15022AC249400EF9541 /* TokenStorage.swift */,
			);
			path = Provider;
			sourceTree = "<group>";
		};
		84E332CF22B41B2300012A45 /* PhotosViewer */ = {
			isa = PBXGroup;
			children = (
				848AC9A822B44EB2003FDD93 /* Provider */,
				84E332D522B41E0100012A45 /* Model */,
				84E332D022B41CAE00012A45 /* View */,
				84E332DA22B41F0100012A45 /* PhotosViewerBuilder.swift */,
				84E332D322B41D8D00012A45 /* PhotosViewerViewController.swift */,
				84E332D822B41E4700012A45 /* PhotosViewerPresenter.swift */,
				84E332D622B41E0E00012A45 /* PhotosViewerInteractor.swift */,
				84E332DC22B4211D00012A45 /* PhotosViewerDataFlow.swift */,
			);
			path = PhotosViewer;
			sourceTree = "<group>";
		};
		84E332D022B41CAE00012A45 /* View */ = {
			isa = PBXGroup;
			children = (
				84E332D122B41CBA00012A45 /* PhotosViewerPhotosView.swift */,
				848AC9A622B44661003FDD93 /* PhotosViewerPhotoView.swift */,
				841446F622B646F600F9EC71 /* PhotosViewerView.swift */,
			);
			path = View;
			sourceTree = "<group>";
		};
		84E332D522B41E0100012A45 /* Model */ = {
			isa = PBXGroup;
			children = (
				84E332DE22B4232300012A45 /* PhotosViewerPhotoViewModel.swift */,
			);
			path = Model;
			sourceTree = "<group>";
		};
/* End PBXGroup section */

/* Begin PBXNativeTarget section */
		847E8FEE22A9CEC400A8B35A /* PhotoAlbum */ = {
			isa = PBXNativeTarget;
			buildConfigurationList = 847E900F22A9CEC700A8B35A /* Build configuration list for PBXNativeTarget "PhotoAlbum" */;
			buildPhases = (
				A7C3CB9B02864F66DC748E3A /* [CP] Check Pods Manifest.lock */,
				847E8FEB22A9CEC400A8B35A /* Sources */,
				847E8FEC22A9CEC400A8B35A /* Frameworks */,
				847E8FED22A9CEC400A8B35A /* Resources */,
				B8A54B3AFC87E3E9C31EEE86 /* [CP] Embed Pods Frameworks */,
				CE4EDA2923A25ABA00ED8E07 /* Swiftlint */,
			);
			buildRules = (
			);
			dependencies = (
			);
			name = PhotoAlbum;
			productName = PhotoAlbum;
			productReference = 847E8FEF22A9CEC400A8B35A /* PhotoAlbum.app */;
			productType = "com.apple.product-type.application";
		};
		847E900522A9CEC700A8B35A /* PhotoAlbumTests */ = {
			isa = PBXNativeTarget;
			buildConfigurationList = 847E901222A9CEC700A8B35A /* Build configuration list for PBXNativeTarget "PhotoAlbumTests" */;
			buildPhases = (
				4AFE122C245D1E1C676A6576 /* [CP] Check Pods Manifest.lock */,
				847E900222A9CEC700A8B35A /* Sources */,
				847E900322A9CEC700A8B35A /* Frameworks */,
				847E900422A9CEC700A8B35A /* Resources */,
				DF0B921596668BE35CB73548 /* [CP] Embed Pods Frameworks */,
			);
			buildRules = (
			);
			dependencies = (
				847E900822A9CEC700A8B35A /* PBXTargetDependency */,
			);
			name = PhotoAlbumTests;
			productName = PhotoAlbumTests;
			productReference = 847E900622A9CEC700A8B35A /* PhotoAlbumTests.xctest */;
			productType = "com.apple.product-type.bundle.unit-test";
		};
/* End PBXNativeTarget section */

/* Begin PBXProject section */
		847E8FE722A9CEC400A8B35A /* Project object */ = {
			isa = PBXProject;
			attributes = {
				LastSwiftUpdateCheck = 1020;
				LastUpgradeCheck = 1020;
				ORGANIZATIONNAME = "Sergey Vasilyev";
				TargetAttributes = {
					847E8FEE22A9CEC400A8B35A = {
						CreatedOnToolsVersion = 10.2.1;
					};
					847E900522A9CEC700A8B35A = {
						CreatedOnToolsVersion = 10.2.1;
						TestTargetID = 847E8FEE22A9CEC400A8B35A;
					};
				};
			};
			buildConfigurationList = 847E8FEA22A9CEC400A8B35A /* Build configuration list for PBXProject "PhotoAlbum" */;
			compatibilityVersion = "Xcode 9.3";
			developmentRegion = en;
			hasScannedForEncodings = 0;
			knownRegions = (
				en,
				Base,
			);
			mainGroup = 847E8FE622A9CEC400A8B35A;
			productRefGroup = 847E8FF022A9CEC400A8B35A /* Products */;
			projectDirPath = "";
			projectRoot = "";
			targets = (
				847E8FEE22A9CEC400A8B35A /* PhotoAlbum */,
				847E900522A9CEC700A8B35A /* PhotoAlbumTests */,
			);
		};
/* End PBXProject section */

/* Begin PBXResourcesBuildPhase section */
		847E8FED22A9CEC400A8B35A /* Resources */ = {
			isa = PBXResourcesBuildPhase;
			buildActionMask = 2147483647;
			files = (
				847E900022A9CEC700A8B35A /* LaunchScreen.storyboard in Resources */,
				847E8FFD22A9CEC600A8B35A /* Assets.xcassets in Resources */,
			);
			runOnlyForDeploymentPostprocessing = 0;
		};
		847E900422A9CEC700A8B35A /* Resources */ = {
			isa = PBXResourcesBuildPhase;
			buildActionMask = 2147483647;
			files = (
			);
			runOnlyForDeploymentPostprocessing = 0;
		};
/* End PBXResourcesBuildPhase section */

/* Begin PBXShellScriptBuildPhase section */
		4AFE122C245D1E1C676A6576 /* [CP] Check Pods Manifest.lock */ = {
			isa = PBXShellScriptBuildPhase;
			buildActionMask = 2147483647;
			files = (
			);
			inputFileListPaths = (
			);
			inputPaths = (
				"${PODS_PODFILE_DIR_PATH}/Podfile.lock",
				"${PODS_ROOT}/Manifest.lock",
			);
			name = "[CP] Check Pods Manifest.lock";
			outputFileListPaths = (
			);
			outputPaths = (
				"$(DERIVED_FILE_DIR)/Pods-PhotoAlbumTests-checkManifestLockResult.txt",
			);
			runOnlyForDeploymentPostprocessing = 0;
			shellPath = /bin/sh;
			shellScript = "diff \"${PODS_PODFILE_DIR_PATH}/Podfile.lock\" \"${PODS_ROOT}/Manifest.lock\" > /dev/null\nif [ $? != 0 ] ; then\n    # print error to STDERR\n    echo \"error: The sandbox is not in sync with the Podfile.lock. Run 'pod install' or update your CocoaPods installation.\" >&2\n    exit 1\nfi\n# This output is used by Xcode 'outputs' to avoid re-running this script phase.\necho \"SUCCESS\" > \"${SCRIPT_OUTPUT_FILE_0}\"\n";
			showEnvVarsInLog = 0;
		};
		A7C3CB9B02864F66DC748E3A /* [CP] Check Pods Manifest.lock */ = {
			isa = PBXShellScriptBuildPhase;
			buildActionMask = 2147483647;
			files = (
			);
			inputFileListPaths = (
			);
			inputPaths = (
				"${PODS_PODFILE_DIR_PATH}/Podfile.lock",
				"${PODS_ROOT}/Manifest.lock",
			);
			name = "[CP] Check Pods Manifest.lock";
			outputFileListPaths = (
			);
			outputPaths = (
				"$(DERIVED_FILE_DIR)/Pods-PhotoAlbum-checkManifestLockResult.txt",
			);
			runOnlyForDeploymentPostprocessing = 0;
			shellPath = /bin/sh;
			shellScript = "diff \"${PODS_PODFILE_DIR_PATH}/Podfile.lock\" \"${PODS_ROOT}/Manifest.lock\" > /dev/null\nif [ $? != 0 ] ; then\n    # print error to STDERR\n    echo \"error: The sandbox is not in sync with the Podfile.lock. Run 'pod install' or update your CocoaPods installation.\" >&2\n    exit 1\nfi\n# This output is used by Xcode 'outputs' to avoid re-running this script phase.\necho \"SUCCESS\" > \"${SCRIPT_OUTPUT_FILE_0}\"\n";
			showEnvVarsInLog = 0;
		};
		B8A54B3AFC87E3E9C31EEE86 /* [CP] Embed Pods Frameworks */ = {
			isa = PBXShellScriptBuildPhase;
			buildActionMask = 2147483647;
			files = (
			);
			inputFileListPaths = (
				"${PODS_ROOT}/Target Support Files/Pods-PhotoAlbum/Pods-PhotoAlbum-frameworks-${CONFIGURATION}-input-files.xcfilelist",
			);
			name = "[CP] Embed Pods Frameworks";
			outputFileListPaths = (
				"${PODS_ROOT}/Target Support Files/Pods-PhotoAlbum/Pods-PhotoAlbum-frameworks-${CONFIGURATION}-output-files.xcfilelist",
			);
			runOnlyForDeploymentPostprocessing = 0;
			shellPath = /bin/sh;
			shellScript = "\"${PODS_ROOT}/Target Support Files/Pods-PhotoAlbum/Pods-PhotoAlbum-frameworks.sh\"\n";
			showEnvVarsInLog = 0;
		};
		CE4EDA2923A25ABA00ED8E07 /* Swiftlint */ = {
			isa = PBXShellScriptBuildPhase;
			buildActionMask = 2147483647;
			files = (
			);
			inputFileListPaths = (
			);
			inputPaths = (
			);
			name = Swiftlint;
			outputFileListPaths = (
			);
			outputPaths = (
			);
			runOnlyForDeploymentPostprocessing = 0;
			shellPath = /bin/sh;
			shellScript = "if which swiftlint >/dev/null; then\n  swiftlint\nelse\n  echo \"error: SwiftLint does not exist, install it using brew install swiftlint\"\n  exit 1\nfi\n";
		};
		DF0B921596668BE35CB73548 /* [CP] Embed Pods Frameworks */ = {
			isa = PBXShellScriptBuildPhase;
			buildActionMask = 2147483647;
			files = (
			);
			inputFileListPaths = (
				"${PODS_ROOT}/Target Support Files/Pods-PhotoAlbumTests/Pods-PhotoAlbumTests-frameworks-${CONFIGURATION}-input-files.xcfilelist",
			);
			name = "[CP] Embed Pods Frameworks";
			outputFileListPaths = (
				"${PODS_ROOT}/Target Support Files/Pods-PhotoAlbumTests/Pods-PhotoAlbumTests-frameworks-${CONFIGURATION}-output-files.xcfilelist",
			);
			runOnlyForDeploymentPostprocessing = 0;
			shellPath = /bin/sh;
			shellScript = "\"${PODS_ROOT}/Target Support Files/Pods-PhotoAlbumTests/Pods-PhotoAlbumTests-frameworks.sh\"\n";
			showEnvVarsInLog = 0;
		};
/* End PBXShellScriptBuildPhase section */

/* Begin PBXSourcesBuildPhase section */
		847E8FEB22A9CEC400A8B35A /* Sources */ = {
			isa = PBXSourcesBuildPhase;
			buildActionMask = 2147483647;
			files = (
				845AB94922AD7353004A165B /* AlbumsInteractor.swift in Sources */,
				845AB94F22AD76A3004A165B /* AlbumModel.swift in Sources */,
				84E0A15122AC249400EF9541 /* TokenStorage.swift in Sources */,
				848AC9AC22B4558D003FDD93 /* PhotosRouter.swift in Sources */,
				84E0A15322AC281900EF9541 /* UIViewController+VKSdkUIDelegate.swift in Sources */,
				84481B0722B0584D00523CC8 /* PhotosService.swift in Sources */,
				84E332D922B41E4700012A45 /* PhotosViewerPresenter.swift in Sources */,
				845AB96122ADB451004A165B /* VKAlbumsResponseModel.swift in Sources */,
				845AB94522AD6F77004A165B /* AlbumsView.swift in Sources */,
				84481AF622B0381900523CC8 /* AuthProvider.swift in Sources */,
				84A18C8922B1354400D4E3DF /* PhotosTableDelegate.swift in Sources */,
				84E332D222B41CBA00012A45 /* PhotosViewerPhotosView.swift in Sources */,
				84C05BB822ABE70800741D33 /* AuthViewController.swift in Sources */,
				84E0A14022AC111C00EF9541 /* AuthBuilder.swift in Sources */,
				84481AF422B034CC00523CC8 /* UIView+Extension.swift in Sources */,
				848AC9A722B44661003FDD93 /* PhotosViewerPhotoView.swift in Sources */,
				84E0A14422AC11BB00EF9541 /* UniqueIdentifiable.swift in Sources */,
				84E0A14D22AC1C2C00EF9541 /* AuthService.swift in Sources */,
				845AB95722AD8FB1004A165B /* APIClient.swift in Sources */,
				845AB96422ADBFCD004A165B /* AlbumsTableDataSource.swift in Sources */,
				84E0A13D22AC0A8B00EF9541 /* AuthView.swift in Sources */,
				84E332D422B41D8D00012A45 /* PhotosViewerViewController.swift in Sources */,
				84E332DD22B4211D00012A45 /* PhotosViewerDataFlow.swift in Sources */,
				84481B0322B0545700523CC8 /* VKPhotosService.swift in Sources */,
				845AB94122AD587D004A165B /* AlbumTableViewCell.swift in Sources */,
				845AB95222AD8B84004A165B /* AlbumsService.swift in Sources */,
				845AB95B22AD9964004A165B /* AlbumsBuilder.swift in Sources */,
				845AB95922AD973F004A165B /* AlbumsProvider.swift in Sources */,
				845AB94322AD6D42004A165B /* AlbumViewModel.swift in Sources */,
				845AB93C22AD4F9B004A165B /* AuthRouter.swift in Sources */,
				84E332DB22B41F0100012A45 /* PhotosViewerBuilder.swift in Sources */,
				84A18C8D22B1545C00D4E3DF /* PhotosDataStore.swift in Sources */,
				841446F722B646F600F9EC71 /* PhotosViewerView.swift in Sources */,
				84A18C7F22B0ED5C00D4E3DF /* PhotosPresenter.swift in Sources */,
				845AB94722AD7343004A165B /* AlbumsPresenter.swift in Sources */,
				84E0A14622AC122900EF9541 /* AuthPresenter.swift in Sources */,
				845AB94B22AD7363004A165B /* AlbumsViewController.swift in Sources */,
				847E8FFB22A9CEC400A8B35A /* PhotoAlbum.xcdatamodeld in Sources */,
				848AC9AA22B44EBF003FDD93 /* PhotosViewerProvider.swift in Sources */,
				84E332DF22B4232300012A45 /* PhotosViewerPhotoViewModel.swift in Sources */,
				845AB96B22ADC343004A165B /* ImageProvider.swift in Sources */,
				84E332D722B41E0E00012A45 /* PhotosViewerInteractor.swift in Sources */,
				84481AFF22B0512500523CC8 /* PhotoTableViewCell.swift in Sources */,
				845AB95422AD8CD8004A165B /* VKAlbumsService.swift in Sources */,
				845AB96722ADC1DF004A165B /* Array+Extension.swift in Sources */,
				84E0A14822AC13B000EF9541 /* AuthInteractor.swift in Sources */,
				84A18C8122B0EDB600D4E3DF /* PhotosInteractor.swift in Sources */,
				84E0A14222AC113800EF9541 /* ModuleBuilder.swift in Sources */,
				845AB96922ADC28F004A165B /* AlbumsTableDelegate.swift in Sources */,
				84481B0122B0528A00523CC8 /* PhotosView.swift in Sources */,
				84A18C8522B0FEF700D4E3DF /* PhotoViewModel.swift in Sources */,
				84A18C8722B109F700D4E3DF /* PhotosTableDataSource.swift in Sources */,
				84481B0B22B05D1B00523CC8 /* PhotosProvider.swift in Sources */,
				84481B0922B05B3E00523CC8 /* PhotosDataFlow.swift in Sources */,
				84A18C8322B0EE5700D4E3DF /* PhotosBuilder.swift in Sources */,
				84A18C8B22B151EB00D4E3DF /* AlbumsDataStore.swift in Sources */,
				84481B0522B0576000523CC8 /* PhotoModel.swift in Sources */,
				847E8FF322A9CEC400A8B35A /* AppDelegate.swift in Sources */,
				845AB94D22AD7371004A165B /* AlbumsDataFlow.swift in Sources */,
				84E0A14F22AC1DAC00EF9541 /* VKAuthService.swift in Sources */,
				84481AF222B02EDA00523CC8 /* AlbumsRouter.swift in Sources */,
				84481AFD22B050DE00523CC8 /* PhotosViewController.swift in Sources */,
				84E0A14B22AC177F00EF9541 /* ReachibilityService.swift in Sources */,
			);
			runOnlyForDeploymentPostprocessing = 0;
		};
		847E900222A9CEC700A8B35A /* Sources */ = {
			isa = PBXSourcesBuildPhase;
			buildActionMask = 2147483647;
			files = (
				847E900B22A9CEC700A8B35A /* PhotoAlbumTests.swift in Sources */,
			);
			runOnlyForDeploymentPostprocessing = 0;
		};
/* End PBXSourcesBuildPhase section */

/* Begin PBXTargetDependency section */
		847E900822A9CEC700A8B35A /* PBXTargetDependency */ = {
			isa = PBXTargetDependency;
			target = 847E8FEE22A9CEC400A8B35A /* PhotoAlbum */;
			targetProxy = 847E900722A9CEC700A8B35A /* PBXContainerItemProxy */;
		};
/* End PBXTargetDependency section */

/* Begin PBXVariantGroup section */
		847E8FFE22A9CEC700A8B35A /* LaunchScreen.storyboard */ = {
			isa = PBXVariantGroup;
			children = (
				847E8FFF22A9CEC700A8B35A /* Base */,
			);
			name = LaunchScreen.storyboard;
			sourceTree = "<group>";
		};
/* End PBXVariantGroup section */

/* Begin XCBuildConfiguration section */
		847E900D22A9CEC700A8B35A /* Debug */ = {
			isa = XCBuildConfiguration;
			buildSettings = {
				ALWAYS_SEARCH_USER_PATHS = NO;
				CLANG_ANALYZER_NONNULL = YES;
				CLANG_ANALYZER_NUMBER_OBJECT_CONVERSION = YES_AGGRESSIVE;
				CLANG_CXX_LANGUAGE_STANDARD = "gnu++14";
				CLANG_CXX_LIBRARY = "libc++";
				CLANG_ENABLE_MODULES = YES;
				CLANG_ENABLE_OBJC_ARC = YES;
				CLANG_ENABLE_OBJC_WEAK = YES;
				CLANG_WARN_BLOCK_CAPTURE_AUTORELEASING = YES;
				CLANG_WARN_BOOL_CONVERSION = YES;
				CLANG_WARN_COMMA = YES;
				CLANG_WARN_CONSTANT_CONVERSION = YES;
				CLANG_WARN_DEPRECATED_OBJC_IMPLEMENTATIONS = YES;
				CLANG_WARN_DIRECT_OBJC_ISA_USAGE = YES_ERROR;
				CLANG_WARN_DOCUMENTATION_COMMENTS = YES;
				CLANG_WARN_EMPTY_BODY = YES;
				CLANG_WARN_ENUM_CONVERSION = YES;
				CLANG_WARN_INFINITE_RECURSION = YES;
				CLANG_WARN_INT_CONVERSION = YES;
				CLANG_WARN_NON_LITERAL_NULL_CONVERSION = YES;
				CLANG_WARN_OBJC_IMPLICIT_RETAIN_SELF = YES;
				CLANG_WARN_OBJC_LITERAL_CONVERSION = YES;
				CLANG_WARN_OBJC_ROOT_CLASS = YES_ERROR;
				CLANG_WARN_RANGE_LOOP_ANALYSIS = YES;
				CLANG_WARN_STRICT_PROTOTYPES = YES;
				CLANG_WARN_SUSPICIOUS_MOVE = YES;
				CLANG_WARN_UNGUARDED_AVAILABILITY = YES_AGGRESSIVE;
				CLANG_WARN_UNREACHABLE_CODE = YES;
				CLANG_WARN__DUPLICATE_METHOD_MATCH = YES;
				CODE_SIGN_IDENTITY = "iPhone Developer";
				COPY_PHASE_STRIP = NO;
				DEBUG_INFORMATION_FORMAT = dwarf;
				ENABLE_STRICT_OBJC_MSGSEND = YES;
				ENABLE_TESTABILITY = YES;
				GCC_C_LANGUAGE_STANDARD = gnu11;
				GCC_DYNAMIC_NO_PIC = NO;
				GCC_NO_COMMON_BLOCKS = YES;
				GCC_OPTIMIZATION_LEVEL = 0;
				GCC_PREPROCESSOR_DEFINITIONS = (
					"DEBUG=1",
					"$(inherited)",
				);
				GCC_WARN_64_TO_32_BIT_CONVERSION = YES;
				GCC_WARN_ABOUT_RETURN_TYPE = YES_ERROR;
				GCC_WARN_UNDECLARED_SELECTOR = YES;
				GCC_WARN_UNINITIALIZED_AUTOS = YES_AGGRESSIVE;
				GCC_WARN_UNUSED_FUNCTION = YES;
				GCC_WARN_UNUSED_VARIABLE = YES;
				IPHONEOS_DEPLOYMENT_TARGET = 12.2;
				MTL_ENABLE_DEBUG_INFO = INCLUDE_SOURCE;
				MTL_FAST_MATH = YES;
				ONLY_ACTIVE_ARCH = YES;
				SDKROOT = iphoneos;
				SWIFT_ACTIVE_COMPILATION_CONDITIONS = DEBUG;
				SWIFT_OPTIMIZATION_LEVEL = "-Onone";
			};
			name = Debug;
		};
		847E900E22A9CEC700A8B35A /* Release */ = {
			isa = XCBuildConfiguration;
			buildSettings = {
				ALWAYS_SEARCH_USER_PATHS = NO;
				CLANG_ANALYZER_NONNULL = YES;
				CLANG_ANALYZER_NUMBER_OBJECT_CONVERSION = YES_AGGRESSIVE;
				CLANG_CXX_LANGUAGE_STANDARD = "gnu++14";
				CLANG_CXX_LIBRARY = "libc++";
				CLANG_ENABLE_MODULES = YES;
				CLANG_ENABLE_OBJC_ARC = YES;
				CLANG_ENABLE_OBJC_WEAK = YES;
				CLANG_WARN_BLOCK_CAPTURE_AUTORELEASING = YES;
				CLANG_WARN_BOOL_CONVERSION = YES;
				CLANG_WARN_COMMA = YES;
				CLANG_WARN_CONSTANT_CONVERSION = YES;
				CLANG_WARN_DEPRECATED_OBJC_IMPLEMENTATIONS = YES;
				CLANG_WARN_DIRECT_OBJC_ISA_USAGE = YES_ERROR;
				CLANG_WARN_DOCUMENTATION_COMMENTS = YES;
				CLANG_WARN_EMPTY_BODY = YES;
				CLANG_WARN_ENUM_CONVERSION = YES;
				CLANG_WARN_INFINITE_RECURSION = YES;
				CLANG_WARN_INT_CONVERSION = YES;
				CLANG_WARN_NON_LITERAL_NULL_CONVERSION = YES;
				CLANG_WARN_OBJC_IMPLICIT_RETAIN_SELF = YES;
				CLANG_WARN_OBJC_LITERAL_CONVERSION = YES;
				CLANG_WARN_OBJC_ROOT_CLASS = YES_ERROR;
				CLANG_WARN_RANGE_LOOP_ANALYSIS = YES;
				CLANG_WARN_STRICT_PROTOTYPES = YES;
				CLANG_WARN_SUSPICIOUS_MOVE = YES;
				CLANG_WARN_UNGUARDED_AVAILABILITY = YES_AGGRESSIVE;
				CLANG_WARN_UNREACHABLE_CODE = YES;
				CLANG_WARN__DUPLICATE_METHOD_MATCH = YES;
				CODE_SIGN_IDENTITY = "iPhone Developer";
				COPY_PHASE_STRIP = NO;
				DEBUG_INFORMATION_FORMAT = "dwarf-with-dsym";
				ENABLE_NS_ASSERTIONS = NO;
				ENABLE_STRICT_OBJC_MSGSEND = YES;
				GCC_C_LANGUAGE_STANDARD = gnu11;
				GCC_NO_COMMON_BLOCKS = YES;
				GCC_WARN_64_TO_32_BIT_CONVERSION = YES;
				GCC_WARN_ABOUT_RETURN_TYPE = YES_ERROR;
				GCC_WARN_UNDECLARED_SELECTOR = YES;
				GCC_WARN_UNINITIALIZED_AUTOS = YES_AGGRESSIVE;
				GCC_WARN_UNUSED_FUNCTION = YES;
				GCC_WARN_UNUSED_VARIABLE = YES;
				IPHONEOS_DEPLOYMENT_TARGET = 12.2;
				MTL_ENABLE_DEBUG_INFO = NO;
				MTL_FAST_MATH = YES;
				SDKROOT = iphoneos;
				SWIFT_COMPILATION_MODE = wholemodule;
				SWIFT_OPTIMIZATION_LEVEL = "-O";
				VALIDATE_PRODUCT = YES;
			};
			name = Release;
		};
		847E901022A9CEC700A8B35A /* Debug */ = {
			isa = XCBuildConfiguration;
			baseConfigurationReference = 01BB080E883EBE2C9C52C319 /* Pods-PhotoAlbum.debug.xcconfig */;
			buildSettings = {
				ASSETCATALOG_COMPILER_APPICON_NAME = AppIcon;
				CODE_SIGN_STYLE = Automatic;
				DEVELOPMENT_TEAM = Y6UA8C23LK;
				INFOPLIST_FILE = PhotoAlbum/Resources/Info.plist;
				IPHONEOS_DEPLOYMENT_TARGET = 11.0;
				LD_RUNPATH_SEARCH_PATHS = (
					"$(inherited)",
					"@executable_path/Frameworks",
				);
				PRODUCT_BUNDLE_IDENTIFIER = greenJVS.PhotoAlbum;
				PRODUCT_NAME = "$(TARGET_NAME)";
				SWIFT_VERSION = 5.0;
				TARGETED_DEVICE_FAMILY = "1,2";
			};
			name = Debug;
		};
		847E901122A9CEC700A8B35A /* Release */ = {
			isa = XCBuildConfiguration;
			baseConfigurationReference = B36666DED3CE169BAAC5C3BE /* Pods-PhotoAlbum.release.xcconfig */;
			buildSettings = {
				ASSETCATALOG_COMPILER_APPICON_NAME = AppIcon;
				CODE_SIGN_STYLE = Automatic;
				DEVELOPMENT_TEAM = Y6UA8C23LK;
				INFOPLIST_FILE = PhotoAlbum/Resources/Info.plist;
				IPHONEOS_DEPLOYMENT_TARGET = 11.0;
				LD_RUNPATH_SEARCH_PATHS = (
					"$(inherited)",
					"@executable_path/Frameworks",
				);
				PRODUCT_BUNDLE_IDENTIFIER = greenJVS.PhotoAlbum;
				PRODUCT_NAME = "$(TARGET_NAME)";
				SWIFT_VERSION = 5.0;
				TARGETED_DEVICE_FAMILY = "1,2";
			};
			name = Release;
		};
		847E901322A9CEC700A8B35A /* Debug */ = {
			isa = XCBuildConfiguration;
			baseConfigurationReference = C2A0DC1159C7D33D2599FDFE /* Pods-PhotoAlbumTests.debug.xcconfig */;
			buildSettings = {
				ALWAYS_EMBED_SWIFT_STANDARD_LIBRARIES = YES;
				BUNDLE_LOADER = "$(TEST_HOST)";
				CODE_SIGN_STYLE = Automatic;
				INFOPLIST_FILE = PhotoAlbumTests/Info.plist;
				LD_RUNPATH_SEARCH_PATHS = (
					"$(inherited)",
					"@executable_path/Frameworks",
					"@loader_path/Frameworks",
				);
				PRODUCT_BUNDLE_IDENTIFIER = greenJVS.PhotoAlbumTests;
				PRODUCT_NAME = "$(TARGET_NAME)";
				SWIFT_VERSION = 5.0;
				TARGETED_DEVICE_FAMILY = "1,2";
				TEST_HOST = "$(BUILT_PRODUCTS_DIR)/PhotoAlbum.app/PhotoAlbum";
			};
			name = Debug;
		};
		847E901422A9CEC700A8B35A /* Release */ = {
			isa = XCBuildConfiguration;
			baseConfigurationReference = DF2D3BC11A9D3723DAF070E4 /* Pods-PhotoAlbumTests.release.xcconfig */;
			buildSettings = {
				ALWAYS_EMBED_SWIFT_STANDARD_LIBRARIES = YES;
				BUNDLE_LOADER = "$(TEST_HOST)";
				CODE_SIGN_STYLE = Automatic;
				INFOPLIST_FILE = PhotoAlbumTests/Info.plist;
				LD_RUNPATH_SEARCH_PATHS = (
					"$(inherited)",
					"@executable_path/Frameworks",
					"@loader_path/Frameworks",
				);
				PRODUCT_BUNDLE_IDENTIFIER = greenJVS.PhotoAlbumTests;
				PRODUCT_NAME = "$(TARGET_NAME)";
				SWIFT_VERSION = 5.0;
				TARGETED_DEVICE_FAMILY = "1,2";
				TEST_HOST = "$(BUILT_PRODUCTS_DIR)/PhotoAlbum.app/PhotoAlbum";
			};
			name = Release;
		};
/* End XCBuildConfiguration section */

/* Begin XCConfigurationList section */
		847E8FEA22A9CEC400A8B35A /* Build configuration list for PBXProject "PhotoAlbum" */ = {
			isa = XCConfigurationList;
			buildConfigurations = (
				847E900D22A9CEC700A8B35A /* Debug */,
				847E900E22A9CEC700A8B35A /* Release */,
			);
			defaultConfigurationIsVisible = 0;
			defaultConfigurationName = Release;
		};
		847E900F22A9CEC700A8B35A /* Build configuration list for PBXNativeTarget "PhotoAlbum" */ = {
			isa = XCConfigurationList;
			buildConfigurations = (
				847E901022A9CEC700A8B35A /* Debug */,
				847E901122A9CEC700A8B35A /* Release */,
			);
			defaultConfigurationIsVisible = 0;
			defaultConfigurationName = Release;
		};
		847E901222A9CEC700A8B35A /* Build configuration list for PBXNativeTarget "PhotoAlbumTests" */ = {
			isa = XCConfigurationList;
			buildConfigurations = (
				847E901322A9CEC700A8B35A /* Debug */,
				847E901422A9CEC700A8B35A /* Release */,
			);
			defaultConfigurationIsVisible = 0;
			defaultConfigurationName = Release;
		};
/* End XCConfigurationList section */

/* Begin XCVersionGroup section */
		847E8FF922A9CEC400A8B35A /* PhotoAlbum.xcdatamodeld */ = {
			isa = XCVersionGroup;
			children = (
				847E8FFA22A9CEC400A8B35A /* PhotoAlbum.xcdatamodel */,
			);
			currentVersion = 847E8FFA22A9CEC400A8B35A /* PhotoAlbum.xcdatamodel */;
			path = PhotoAlbum.xcdatamodeld;
			sourceTree = "<group>";
			versionGroupType = wrapper.xcdatamodel;
		};
/* End XCVersionGroup section */
	};
	rootObject = 847E8FE722A9CEC400A8B35A /* Project object */;
}
